
Microsoft Visual Studio Solution File, Format Version 12.00
# Visual Studio Version 16
VisualStudioVersion = 16.0.31112.23
MinimumVisualStudioVersion = 10.0.40219.1
Project("{FAE04EC0-301F-11D3-BF4B-00C04F79EFBC}") = "Lesson_1", "Lesson_1\Lesson_1.csproj", "{F81136B1-851B-4179-8A80-AB0FB603BF61}"
EndProject
Global
	GlobalSection(SolutionConfigurationPlatforms) = preSolution
		Debug|Any CPU = Debug|Any CPU
		Release|Any CPU = Release|Any CPU
	EndGlobalSection
	GlobalSection(ProjectConfigurationPlatforms) = postSolution
		{F81136B1-851B-4179-8A80-AB0FB603BF61}.Debug|Any CPU.ActiveCfg = Debug|Any CPU
		{F81136B1-851B-4179-8A80-AB0FB603BF61}.Debug|Any CPU.Build.0 = Debug|Any CPU
		{F81136B1-851B-4179-8A80-AB0FB603BF61}.Release|Any CPU.ActiveCfg = Release|Any CPU
		{F81136B1-851B-4179-8A80-AB0FB603BF61}.Release|Any CPU.Build.0 = Release|Any CPU
	EndGlobalSection
	GlobalSection(SolutionProperties) = preSolution
		HideSolutionNode = FALSE
	EndGlobalSection
	GlobalSection(ExtensibilityGlobals) = postSolution
		SolutionGuid = {2265E99B-5552-4CCC-988F-70E5425CD13B}
	EndGlobalSection
EndGlobal
